{
  "version": 4,
  "terraform_version": "1.7.5",
  "serial": 4,
  "lineage": "73601d7d-7545-2a6e-a10e-87c4ecf45c0b",
  "outputs": {},
  "resources": [
    {
      "mode": "managed",
      "type": "local_file",
      "name": "test_file",
      "provider": "provider[\"registry.terraform.io/hashicorp/local\"]",
      "instances": [
        {
          "schema_version": 0,
          "attributes": {
            "content": "This is a test file generated through Terraform.\nMainly to get familiar with Terraform commands.\n",
            "content_base64": null,
            "content_base64sha256": "eDuATNQQLipWCLeVDyIMnAB/NY/LrWGSG7C4q0ZeogY=",
            "content_base64sha512": "tbH9w9wPVJlTfBMCiKK/Qy2hROM241DQQEdb3uIMDQOHJC7Dx1jV4/TBMQGyOdULxZHUt9/YdEWsyT+03TkJrw==",
            "content_md5": "39940fa4625c72a72e015b9bdddd3ac7",
            "content_sha1": "b7b1c6c7853f1bf190fcb85a6c5175ba5bfadb79",
            "content_sha256": "783b804cd4102e2a5608b7950f220c9c007f358fcbad61921bb0b8ab465ea206",
            "content_sha512": "b5b1fdc3dc0f5499537c130288a2bf432da144e336e350d040475bdee20c0d0387242ec3c758d5e3f4c13101b239d50bc591d4b7dfd87445acc93fb4dd3909af",
            "directory_permission": "0777",
            "file_permission": "0777",
            "filename": "test_file.txt",
            "id": "b7b1c6c7853f1bf190fcb85a6c5175ba5bfadb79",
            "sensitive_content": null,
            "source": null
          },
          "sensitive_attributes": []
        }
      ]
    }
  ],
  "check_results": null
}
