{
  "version": 4,
  "terraform_version": "1.7.5",
  "serial": 13,
  "lineage": "73601d7d-7545-2a6e-a10e-87c4ecf45c0b",
  "outputs": {},
  "resources": [
    {
      "mode": "managed",
      "type": "local_file",
      "name": "test_file",
      "provider": "provider[\"registry.terraform.io/hashicorp/local\"]",
      "instances": [
        {
          "schema_version": 0,
          "attributes": {
            "content": "This is a test file generated through Terraform.\nMainly to get familiar with Terraform commands.\n孙子曰：兵者，国之大事，死生之地，存亡之道，不可不察也。\nonly contents defined here will be synchronized.\n",
            "content_base64": null,
            "content_base64sha256": "JvLMbkQsdLssKeyBBoAgFZH0BdPjVYD1FIZPP4HKDC4=",
            "content_base64sha512": "2fLuvBNpeRz6hGpSQFKJ8Sz9ZbzasjxHfTT9cHxtQeDHWECSA9l0pUG4jVcEkfH/M3mfEeN2IG2T5eRHBa8Gcg==",
            "content_md5": "8b6aab9affc5987cd683c1c6f12ca5d9",
            "content_sha1": "89d6d5acbc5eaef13594af1f527cc4fd251eb488",
            "content_sha256": "26f2cc6e442c74bb2c29ec810680201591f405d3e35580f514864f3f81ca0c2e",
            "content_sha512": "d9f2eebc1369791cfa846a52405289f12cfd65bcdab23c477d34fd707c6d41e0c758409203d974a541b88d570491f1ff33799f11e376206d93e5e44705af0672",
            "directory_permission": "0777",
            "file_permission": "0777",
            "filename": "test_file.txt",
            "id": "89d6d5acbc5eaef13594af1f527cc4fd251eb488",
            "sensitive_content": null,
            "source": null
          },
          "sensitive_attributes": []
        }
      ]
    }
  ],
  "check_results": null
}
