{
  "version": 4,
  "terraform_version": "1.7.5",
  "serial": 1,
  "lineage": "73601d7d-7545-2a6e-a10e-87c4ecf45c0b",
  "outputs": {},
  "resources": [
    {
      "mode": "managed",
      "type": "local_file",
      "name": "test_file",
      "provider": "provider[\"registry.terraform.io/hashicorp/local\"]",
      "instances": [
        {
          "schema_version": 0,
          "attributes": {
            "content": "This is a test file generated through Terraform\n",
            "content_base64": null,
            "content_base64sha256": "MfXQq2jza/SDpZiADKdH7YRGRcvjEYfQ3IxPUqHkSZU=",
            "content_base64sha512": "clKTaXQKuZ3IQALI87I1rH+3GEtk6TrLZgf+QBVhinKMHbxXp35lluh4lpppk4poxUEp2N4Vn2R1f2VsUluasQ==",
            "content_md5": "35dd71102ca15357bfe25e33962eacda",
            "content_sha1": "4d86a483417fa21f3eb3e98b7d27bd967f4417f5",
            "content_sha256": "31f5d0ab68f36bf483a598800ca747ed844645cbe31187d0dc8c4f52a1e44995",
            "content_sha512": "72529369740ab99dc84002c8f3b235ac7fb7184b64e93acb6607fe4015618a728c1dbc57a77e6596e878969a69938a68c54129d8de159f64757f656c525b9ab1",
            "directory_permission": "0777",
            "file_permission": "0777",
            "filename": "test_file.txt",
            "id": "4d86a483417fa21f3eb3e98b7d27bd967f4417f5",
            "sensitive_content": null,
            "source": null
          },
          "sensitive_attributes": []
        }
      ]
    }
  ],
  "check_results": null
}
